
Microsoft Visual Studio Solution File, Format Version 12.00
# Visual Studio Version 17
VisualStudioVersion = 17.4.33213.308
MinimumVisualStudioVersion = 10.0.40219.1
Project("{FAE04EC0-301F-11D3-BF4B-00C04F79EFBC}") = "01_variables", "01_variables\01_variables.csproj", "{03943569-A547-4294-8FF4-B6B60845A290}"
EndProject
Project("{FAE04EC0-301F-11D3-BF4B-00C04F79EFBC}") = "02_Strings", "02_Strings\02_Strings.csproj", "{7FBCBDFD-9608-4DE8-94DC-ECC0622B7C62}"
EndProject
Project("{FAE04EC0-301F-11D3-BF4B-00C04F79EFBC}") = "03_inputs", "03_inputs\03_inputs.csproj", "{7CD62175-307D-488F-BD7C-CC9D555BE476}"
EndProject
Project("{FAE04EC0-301F-11D3-BF4B-00C04F79EFBC}") = "04_metodos", "04_metodos\04_metodos.csproj", "{F0046C79-0CB7-4AF9-A72C-955BD5781F24}"
EndProject
Project("{FAE04EC0-301F-11D3-BF4B-00C04F79EFBC}") = "05_IngresoUsuario", "05_IngresoUsuario\05_IngresoUsuario.csproj", "{6B70C5A8-0865-4B41-B641-7A3727AE5240}"
EndProject
Project("{FAE04EC0-301F-11D3-BF4B-00C04F79EFBC}") = "06_tryAndCatch", "06_tryAndCatch\06_tryAndCatch.csproj", "{051788D5-2624-46AA-89AC-B86736A1F2D0}"
EndProject
Project("{FAE04EC0-301F-11D3-BF4B-00C04F79EFBC}") = "07_TryParse", "TryParse\07_TryParse.csproj", "{83B4F7D4-BBEE-4E97-857B-3F03DF442F1A}"
EndProject
Project("{FAE04EC0-301F-11D3-BF4B-00C04F79EFBC}") = "08_ifAnidados", "08_ifAnidados\08_ifAnidados.csproj", "{296FB00A-C6CA-4E85-B3BB-ACAD86C8C209}"
EndProject
Project("{FAE04EC0-301F-11D3-BF4B-00C04F79EFBC}") = "09_ifMejorada", "09_ifMejorada\09_ifMejorada.csproj", "{807B92EB-2F05-45D4-98BB-886AE4D7F645}"
EndProject
Project("{FAE04EC0-301F-11D3-BF4B-00C04F79EFBC}") = "01_Ejercicio", "01_Ejercicio\01_Ejercicio.csproj", "{24C31547-FAA7-43C1-8328-79FA156ECB0A}"
EndProject
Project("{FAE04EC0-301F-11D3-BF4B-00C04F79EFBC}") = "10_Clases_basico", "10_Clases\10_Clases_basico.csproj", "{E86EE93C-D7C6-4A38-8578-FAA4FA3183D0}"
EndProject
Project("{FAE04EC0-301F-11D3-BF4B-00C04F79EFBC}") = "11_Clases_Constructor", "11_Clases_Constructor\11_Clases_Constructor.csproj", "{AB997101-7CA5-448F-AD9F-CC91FB69AD6A}"
EndProject
Project("{FAE04EC0-301F-11D3-BF4B-00C04F79EFBC}") = "13_Array", "13_Array\13_Array.csproj", "{A9B61DF0-9E0E-4D6F-897A-868868971253}"
EndProject
Project("{FAE04EC0-301F-11D3-BF4B-00C04F79EFBC}") = "14_OOP", "14_OOP\14_OOP.csproj", "{7961A017-970B-4C93-806F-20C746D46473}"
EndProject
Project("{FAE04EC0-301F-11D3-BF4B-00C04F79EFBC}") = "06_01_tryAndCatch", "06_01_tryAndCatch\06_01_tryAndCatch.csproj", "{57F75FA8-A274-4050-9A75-9FC59B462823}"
EndProject
Project("{FAE04EC0-301F-11D3-BF4B-00C04F79EFBC}") = "13bis_Array", "13bis_Array\13bis_Array.csproj", "{9C1C681B-0C84-48BB-8817-EFD6278DE94E}"
EndProject
Project("{FAE04EC0-301F-11D3-BF4B-00C04F79EFBC}") = "02bis_Strings", "02bis_Strings\02bis_Strings.csproj", "{2A2EDFF1-E170-4B0F-BD13-1B6DB080F816}"
EndProject
Project("{2150E333-8FDC-42A3-9474-1A3956D46DE8}") = "Clases_UTN", "Clases_UTN", "{5583A251-14CE-41F6-9BC9-FFECD140FCDA}"
EndProject
Project("{FAE04EC0-301F-11D3-BF4B-00C04F79EFBC}") = "01_clase", "01_clase\01_clase.csproj", "{256009AE-3D28-4368-8364-23B238E29425}"
EndProject
Project("{2150E333-8FDC-42A3-9474-1A3956D46DE8}") = "Curso", "Curso", "{AFC0BDF8-1B5F-40A2-ABCD-04703B7522D6}"
EndProject
Project("{FAE04EC0-301F-11D3-BF4B-00C04F79EFBC}") = "15_winwosForm", "15_winwosForm\15_winwosForm.csproj", "{CA407790-4D57-4229-B844-FD463215D1A2}"
EndProject
Project("{FAE04EC0-301F-11D3-BF4B-00C04F79EFBC}") = "16_Logging", "16_Logging\16_Logging.csproj", "{0252A044-FF99-42F9-9408-4AA27A5CE44E}"
EndProject
Project("{FAE04EC0-301F-11D3-BF4B-00C04F79EFBC}") = "Metodos_para_usar", "Metodos_para_usar\Metodos_para_usar.csproj", "{EB512232-4CA2-41B1-B8A9-97FBC3135ED3}"
EndProject
Project("{FAE04EC0-301F-11D3-BF4B-00C04F79EFBC}") = "17_directorios_y_archivos", "17_directorios_y_archivos\17_directorios_y_archivos.csproj", "{D488EE51-5824-4403-8C56-0DB6658CD987}"
EndProject
Project("{FAE04EC0-301F-11D3-BF4B-00C04F79EFBC}") = "18_ArchivosyBasesdeDatos", "18_ArchivosyBasesdeDatos\18_ArchivosyBasesdeDatos.csproj", "{73B54014-3B3D-433E-9EC0-73ABC7E90E2E}"
EndProject
Global
	GlobalSection(SolutionConfigurationPlatforms) = preSolution
		Debug|Any CPU = Debug|Any CPU
		Release|Any CPU = Release|Any CPU
	EndGlobalSection
	GlobalSection(ProjectConfigurationPlatforms) = postSolution
		{03943569-A547-4294-8FF4-B6B60845A290}.Debug|Any CPU.ActiveCfg = Debug|Any CPU
		{03943569-A547-4294-8FF4-B6B60845A290}.Debug|Any CPU.Build.0 = Debug|Any CPU
		{03943569-A547-4294-8FF4-B6B60845A290}.Release|Any CPU.ActiveCfg = Release|Any CPU
		{03943569-A547-4294-8FF4-B6B60845A290}.Release|Any CPU.Build.0 = Release|Any CPU
		{7FBCBDFD-9608-4DE8-94DC-ECC0622B7C62}.Debug|Any CPU.ActiveCfg = Debug|Any CPU
		{7FBCBDFD-9608-4DE8-94DC-ECC0622B7C62}.Debug|Any CPU.Build.0 = Debug|Any CPU
		{7FBCBDFD-9608-4DE8-94DC-ECC0622B7C62}.Release|Any CPU.ActiveCfg = Release|Any CPU
		{7FBCBDFD-9608-4DE8-94DC-ECC0622B7C62}.Release|Any CPU.Build.0 = Release|Any CPU
		{7CD62175-307D-488F-BD7C-CC9D555BE476}.Debug|Any CPU.ActiveCfg = Debug|Any CPU
		{7CD62175-307D-488F-BD7C-CC9D555BE476}.Debug|Any CPU.Build.0 = Debug|Any CPU
		{7CD62175-307D-488F-BD7C-CC9D555BE476}.Release|Any CPU.ActiveCfg = Release|Any CPU
		{7CD62175-307D-488F-BD7C-CC9D555BE476}.Release|Any CPU.Build.0 = Release|Any CPU
		{F0046C79-0CB7-4AF9-A72C-955BD5781F24}.Debug|Any CPU.ActiveCfg = Debug|Any CPU
		{F0046C79-0CB7-4AF9-A72C-955BD5781F24}.Debug|Any CPU.Build.0 = Debug|Any CPU
		{F0046C79-0CB7-4AF9-A72C-955BD5781F24}.Release|Any CPU.ActiveCfg = Release|Any CPU
		{F0046C79-0CB7-4AF9-A72C-955BD5781F24}.Release|Any CPU.Build.0 = Release|Any CPU
		{6B70C5A8-0865-4B41-B641-7A3727AE5240}.Debug|Any CPU.ActiveCfg = Debug|Any CPU
		{6B70C5A8-0865-4B41-B641-7A3727AE5240}.Debug|Any CPU.Build.0 = Debug|Any CPU
		{6B70C5A8-0865-4B41-B641-7A3727AE5240}.Release|Any CPU.ActiveCfg = Release|Any CPU
		{6B70C5A8-0865-4B41-B641-7A3727AE5240}.Release|Any CPU.Build.0 = Release|Any CPU
		{051788D5-2624-46AA-89AC-B86736A1F2D0}.Debug|Any CPU.ActiveCfg = Debug|Any CPU
		{051788D5-2624-46AA-89AC-B86736A1F2D0}.Debug|Any CPU.Build.0 = Debug|Any CPU
		{051788D5-2624-46AA-89AC-B86736A1F2D0}.Release|Any CPU.ActiveCfg = Release|Any CPU
		{051788D5-2624-46AA-89AC-B86736A1F2D0}.Release|Any CPU.Build.0 = Release|Any CPU
		{83B4F7D4-BBEE-4E97-857B-3F03DF442F1A}.Debug|Any CPU.ActiveCfg = Debug|Any CPU
		{83B4F7D4-BBEE-4E97-857B-3F03DF442F1A}.Debug|Any CPU.Build.0 = Debug|Any CPU
		{83B4F7D4-BBEE-4E97-857B-3F03DF442F1A}.Release|Any CPU.ActiveCfg = Release|Any CPU
		{83B4F7D4-BBEE-4E97-857B-3F03DF442F1A}.Release|Any CPU.Build.0 = Release|Any CPU
		{296FB00A-C6CA-4E85-B3BB-ACAD86C8C209}.Debug|Any CPU.ActiveCfg = Debug|Any CPU
		{296FB00A-C6CA-4E85-B3BB-ACAD86C8C209}.Debug|Any CPU.Build.0 = Debug|Any CPU
		{296FB00A-C6CA-4E85-B3BB-ACAD86C8C209}.Release|Any CPU.ActiveCfg = Release|Any CPU
		{296FB00A-C6CA-4E85-B3BB-ACAD86C8C209}.Release|Any CPU.Build.0 = Release|Any CPU
		{807B92EB-2F05-45D4-98BB-886AE4D7F645}.Debug|Any CPU.ActiveCfg = Debug|Any CPU
		{807B92EB-2F05-45D4-98BB-886AE4D7F645}.Debug|Any CPU.Build.0 = Debug|Any CPU
		{807B92EB-2F05-45D4-98BB-886AE4D7F645}.Release|Any CPU.ActiveCfg = Release|Any CPU
		{807B92EB-2F05-45D4-98BB-886AE4D7F645}.Release|Any CPU.Build.0 = Release|Any CPU
		{24C31547-FAA7-43C1-8328-79FA156ECB0A}.Debug|Any CPU.ActiveCfg = Debug|Any CPU
		{24C31547-FAA7-43C1-8328-79FA156ECB0A}.Debug|Any CPU.Build.0 = Debug|Any CPU
		{24C31547-FAA7-43C1-8328-79FA156ECB0A}.Release|Any CPU.ActiveCfg = Release|Any CPU
		{24C31547-FAA7-43C1-8328-79FA156ECB0A}.Release|Any CPU.Build.0 = Release|Any CPU
		{E86EE93C-D7C6-4A38-8578-FAA4FA3183D0}.Debug|Any CPU.ActiveCfg = Debug|Any CPU
		{E86EE93C-D7C6-4A38-8578-FAA4FA3183D0}.Debug|Any CPU.Build.0 = Debug|Any CPU
		{E86EE93C-D7C6-4A38-8578-FAA4FA3183D0}.Release|Any CPU.ActiveCfg = Release|Any CPU
		{E86EE93C-D7C6-4A38-8578-FAA4FA3183D0}.Release|Any CPU.Build.0 = Release|Any CPU
		{AB997101-7CA5-448F-AD9F-CC91FB69AD6A}.Debug|Any CPU.ActiveCfg = Debug|Any CPU
		{AB997101-7CA5-448F-AD9F-CC91FB69AD6A}.Debug|Any CPU.Build.0 = Debug|Any CPU
		{AB997101-7CA5-448F-AD9F-CC91FB69AD6A}.Release|Any CPU.ActiveCfg = Release|Any CPU
		{AB997101-7CA5-448F-AD9F-CC91FB69AD6A}.Release|Any CPU.Build.0 = Release|Any CPU
		{A9B61DF0-9E0E-4D6F-897A-868868971253}.Debug|Any CPU.ActiveCfg = Debug|Any CPU
		{A9B61DF0-9E0E-4D6F-897A-868868971253}.Debug|Any CPU.Build.0 = Debug|Any CPU
		{A9B61DF0-9E0E-4D6F-897A-868868971253}.Release|Any CPU.ActiveCfg = Release|Any CPU
		{A9B61DF0-9E0E-4D6F-897A-868868971253}.Release|Any CPU.Build.0 = Release|Any CPU
		{7961A017-970B-4C93-806F-20C746D46473}.Debug|Any CPU.ActiveCfg = Debug|Any CPU
		{7961A017-970B-4C93-806F-20C746D46473}.Debug|Any CPU.Build.0 = Debug|Any CPU
		{7961A017-970B-4C93-806F-20C746D46473}.Release|Any CPU.ActiveCfg = Release|Any CPU
		{7961A017-970B-4C93-806F-20C746D46473}.Release|Any CPU.Build.0 = Release|Any CPU
		{57F75FA8-A274-4050-9A75-9FC59B462823}.Debug|Any CPU.ActiveCfg = Debug|Any CPU
		{57F75FA8-A274-4050-9A75-9FC59B462823}.Debug|Any CPU.Build.0 = Debug|Any CPU
		{57F75FA8-A274-4050-9A75-9FC59B462823}.Release|Any CPU.ActiveCfg = Release|Any CPU
		{57F75FA8-A274-4050-9A75-9FC59B462823}.Release|Any CPU.Build.0 = Release|Any CPU
		{9C1C681B-0C84-48BB-8817-EFD6278DE94E}.Debug|Any CPU.ActiveCfg = Debug|Any CPU
		{9C1C681B-0C84-48BB-8817-EFD6278DE94E}.Debug|Any CPU.Build.0 = Debug|Any CPU
		{9C1C681B-0C84-48BB-8817-EFD6278DE94E}.Release|Any CPU.ActiveCfg = Release|Any CPU
		{9C1C681B-0C84-48BB-8817-EFD6278DE94E}.Release|Any CPU.Build.0 = Release|Any CPU
		{2A2EDFF1-E170-4B0F-BD13-1B6DB080F816}.Debug|Any CPU.ActiveCfg = Debug|Any CPU
		{2A2EDFF1-E170-4B0F-BD13-1B6DB080F816}.Debug|Any CPU.Build.0 = Debug|Any CPU
		{2A2EDFF1-E170-4B0F-BD13-1B6DB080F816}.Release|Any CPU.ActiveCfg = Release|Any CPU
		{2A2EDFF1-E170-4B0F-BD13-1B6DB080F816}.Release|Any CPU.Build.0 = Release|Any CPU
		{256009AE-3D28-4368-8364-23B238E29425}.Debug|Any CPU.ActiveCfg = Debug|Any CPU
		{256009AE-3D28-4368-8364-23B238E29425}.Debug|Any CPU.Build.0 = Debug|Any CPU
		{256009AE-3D28-4368-8364-23B238E29425}.Release|Any CPU.ActiveCfg = Release|Any CPU
		{256009AE-3D28-4368-8364-23B238E29425}.Release|Any CPU.Build.0 = Release|Any CPU
		{CA407790-4D57-4229-B844-FD463215D1A2}.Debug|Any CPU.ActiveCfg = Debug|Any CPU
		{CA407790-4D57-4229-B844-FD463215D1A2}.Debug|Any CPU.Build.0 = Debug|Any CPU
		{CA407790-4D57-4229-B844-FD463215D1A2}.Release|Any CPU.ActiveCfg = Release|Any CPU
		{CA407790-4D57-4229-B844-FD463215D1A2}.Release|Any CPU.Build.0 = Release|Any CPU
		{0252A044-FF99-42F9-9408-4AA27A5CE44E}.Debug|Any CPU.ActiveCfg = Debug|Any CPU
		{0252A044-FF99-42F9-9408-4AA27A5CE44E}.Debug|Any CPU.Build.0 = Debug|Any CPU
		{0252A044-FF99-42F9-9408-4AA27A5CE44E}.Release|Any CPU.ActiveCfg = Release|Any CPU
		{0252A044-FF99-42F9-9408-4AA27A5CE44E}.Release|Any CPU.Build.0 = Release|Any CPU
		{EB512232-4CA2-41B1-B8A9-97FBC3135ED3}.Debug|Any CPU.ActiveCfg = Debug|Any CPU
		{EB512232-4CA2-41B1-B8A9-97FBC3135ED3}.Debug|Any CPU.Build.0 = Debug|Any CPU
		{EB512232-4CA2-41B1-B8A9-97FBC3135ED3}.Release|Any CPU.ActiveCfg = Release|Any CPU
		{EB512232-4CA2-41B1-B8A9-97FBC3135ED3}.Release|Any CPU.Build.0 = Release|Any CPU
		{D488EE51-5824-4403-8C56-0DB6658CD987}.Debug|Any CPU.ActiveCfg = Debug|Any CPU
		{D488EE51-5824-4403-8C56-0DB6658CD987}.Debug|Any CPU.Build.0 = Debug|Any CPU
		{D488EE51-5824-4403-8C56-0DB6658CD987}.Release|Any CPU.ActiveCfg = Release|Any CPU
		{D488EE51-5824-4403-8C56-0DB6658CD987}.Release|Any CPU.Build.0 = Release|Any CPU
		{73B54014-3B3D-433E-9EC0-73ABC7E90E2E}.Debug|Any CPU.ActiveCfg = Debug|Any CPU
		{73B54014-3B3D-433E-9EC0-73ABC7E90E2E}.Debug|Any CPU.Build.0 = Debug|Any CPU
		{73B54014-3B3D-433E-9EC0-73ABC7E90E2E}.Release|Any CPU.ActiveCfg = Release|Any CPU
		{73B54014-3B3D-433E-9EC0-73ABC7E90E2E}.Release|Any CPU.Build.0 = Release|Any CPU
	EndGlobalSection
	GlobalSection(SolutionProperties) = preSolution
		HideSolutionNode = FALSE
	EndGlobalSection
	GlobalSection(NestedProjects) = preSolution
		{03943569-A547-4294-8FF4-B6B60845A290} = {AFC0BDF8-1B5F-40A2-ABCD-04703B7522D6}
		{7FBCBDFD-9608-4DE8-94DC-ECC0622B7C62} = {AFC0BDF8-1B5F-40A2-ABCD-04703B7522D6}
		{7CD62175-307D-488F-BD7C-CC9D555BE476} = {AFC0BDF8-1B5F-40A2-ABCD-04703B7522D6}
		{F0046C79-0CB7-4AF9-A72C-955BD5781F24} = {AFC0BDF8-1B5F-40A2-ABCD-04703B7522D6}
		{6B70C5A8-0865-4B41-B641-7A3727AE5240} = {AFC0BDF8-1B5F-40A2-ABCD-04703B7522D6}
		{051788D5-2624-46AA-89AC-B86736A1F2D0} = {AFC0BDF8-1B5F-40A2-ABCD-04703B7522D6}
		{83B4F7D4-BBEE-4E97-857B-3F03DF442F1A} = {AFC0BDF8-1B5F-40A2-ABCD-04703B7522D6}
		{296FB00A-C6CA-4E85-B3BB-ACAD86C8C209} = {AFC0BDF8-1B5F-40A2-ABCD-04703B7522D6}
		{807B92EB-2F05-45D4-98BB-886AE4D7F645} = {AFC0BDF8-1B5F-40A2-ABCD-04703B7522D6}
		{24C31547-FAA7-43C1-8328-79FA156ECB0A} = {AFC0BDF8-1B5F-40A2-ABCD-04703B7522D6}
		{E86EE93C-D7C6-4A38-8578-FAA4FA3183D0} = {AFC0BDF8-1B5F-40A2-ABCD-04703B7522D6}
		{AB997101-7CA5-448F-AD9F-CC91FB69AD6A} = {AFC0BDF8-1B5F-40A2-ABCD-04703B7522D6}
		{A9B61DF0-9E0E-4D6F-897A-868868971253} = {AFC0BDF8-1B5F-40A2-ABCD-04703B7522D6}
		{7961A017-970B-4C93-806F-20C746D46473} = {AFC0BDF8-1B5F-40A2-ABCD-04703B7522D6}
		{57F75FA8-A274-4050-9A75-9FC59B462823} = {AFC0BDF8-1B5F-40A2-ABCD-04703B7522D6}
		{9C1C681B-0C84-48BB-8817-EFD6278DE94E} = {AFC0BDF8-1B5F-40A2-ABCD-04703B7522D6}
		{2A2EDFF1-E170-4B0F-BD13-1B6DB080F816} = {AFC0BDF8-1B5F-40A2-ABCD-04703B7522D6}
		{256009AE-3D28-4368-8364-23B238E29425} = {5583A251-14CE-41F6-9BC9-FFECD140FCDA}
		{CA407790-4D57-4229-B844-FD463215D1A2} = {AFC0BDF8-1B5F-40A2-ABCD-04703B7522D6}
		{0252A044-FF99-42F9-9408-4AA27A5CE44E} = {AFC0BDF8-1B5F-40A2-ABCD-04703B7522D6}
		{D488EE51-5824-4403-8C56-0DB6658CD987} = {AFC0BDF8-1B5F-40A2-ABCD-04703B7522D6}
		{73B54014-3B3D-433E-9EC0-73ABC7E90E2E} = {AFC0BDF8-1B5F-40A2-ABCD-04703B7522D6}
	EndGlobalSection
	GlobalSection(ExtensibilityGlobals) = postSolution
		SolutionGuid = {7EAD329B-07F4-4ED6-BC9F-E7D06D726BAD}
	EndGlobalSection
EndGlobal
