
Microsoft Visual Studio Solution File, Format Version 12.00
# Visual Studio Version 17
VisualStudioVersion = 17.4.33213.308
MinimumVisualStudioVersion = 10.0.40219.1
Project("{FAE04EC0-301F-11D3-BF4B-00C04F79EFBC}") = "Tips_desharp", "Tips_desharp\Tips_desharp.csproj", "{DE1D9B32-68B6-4AC6-8B80-9BA0A4C11272}"
EndProject
Global
	GlobalSection(SolutionConfigurationPlatforms) = preSolution
		Debug|Any CPU = Debug|Any CPU
		Release|Any CPU = Release|Any CPU
	EndGlobalSection
	GlobalSection(ProjectConfigurationPlatforms) = postSolution
		{DE1D9B32-68B6-4AC6-8B80-9BA0A4C11272}.Debug|Any CPU.ActiveCfg = Debug|Any CPU
		{DE1D9B32-68B6-4AC6-8B80-9BA0A4C11272}.Debug|Any CPU.Build.0 = Debug|Any CPU
		{DE1D9B32-68B6-4AC6-8B80-9BA0A4C11272}.Release|Any CPU.ActiveCfg = Release|Any CPU
		{DE1D9B32-68B6-4AC6-8B80-9BA0A4C11272}.Release|Any CPU.Build.0 = Release|Any CPU
	EndGlobalSection
	GlobalSection(SolutionProperties) = preSolution
		HideSolutionNode = FALSE
	EndGlobalSection
	GlobalSection(ExtensibilityGlobals) = postSolution
		SolutionGuid = {974039DA-5D1C-4FEB-AF65-1A0BB4DAFA26}
	EndGlobalSection
EndGlobal
