
Microsoft Visual Studio Solution File, Format Version 12.00
# Visual Studio Version 17
VisualStudioVersion = 17.4.33213.308
MinimumVisualStudioVersion = 10.0.40219.1
Project("{FAE04EC0-301F-11D3-BF4B-00C04F79EFBC}") = "proyecto_ejemplo", "proyecto_ejemplo\proyecto_ejemplo.csproj", "{83C23670-1250-4190-998B-9CA0E9558777}"
EndProject
Global
	GlobalSection(SolutionConfigurationPlatforms) = preSolution
		Debug|Any CPU = Debug|Any CPU
		Release|Any CPU = Release|Any CPU
	EndGlobalSection
	GlobalSection(ProjectConfigurationPlatforms) = postSolution
		{83C23670-1250-4190-998B-9CA0E9558777}.Debug|Any CPU.ActiveCfg = Debug|Any CPU
		{83C23670-1250-4190-998B-9CA0E9558777}.Debug|Any CPU.Build.0 = Debug|Any CPU
		{83C23670-1250-4190-998B-9CA0E9558777}.Release|Any CPU.ActiveCfg = Release|Any CPU
		{83C23670-1250-4190-998B-9CA0E9558777}.Release|Any CPU.Build.0 = Release|Any CPU
	EndGlobalSection
	GlobalSection(SolutionProperties) = preSolution
		HideSolutionNode = FALSE
	EndGlobalSection
	GlobalSection(ExtensibilityGlobals) = postSolution
		SolutionGuid = {7DB5E3DE-CE72-4287-ADBE-4817817BAB31}
	EndGlobalSection
EndGlobal
